// !$*UTF8*$!
{
	archiveVersion = 1;
	classes = {
	};
	objectVersion = 50;
	objects = {

/* Begin PBXBuildFile section */
		B558B4B826A72C940058A902 /* AppDelegate.swift in Sources */ = {isa = PBXBuildFile; fileRef = B558B4B726A72C940058A902 /* AppDelegate.swift */; };
		B558B4BA26A72C940058A902 /* SceneDelegate.swift in Sources */ = {isa = PBXBuildFile; fileRef = B558B4B926A72C940058A902 /* SceneDelegate.swift */; };
		B558B4BC26A72C940058A902 /* ViewController.swift in Sources */ = {isa = PBXBuildFile; fileRef = B558B4BB26A72C940058A902 /* ViewController.swift */; };
		B558B4BF26A72C940058A902 /* Main.storyboard in Resources */ = {isa = PBXBuildFile; fileRef = B558B4BD26A72C940058A902 /* Main.storyboard */; };
		B558B4C226A72C940058A902 /* ToDoListApp.xcdatamodeld in Sources */ = {isa = PBXBuildFile; fileRef = B558B4C026A72C940058A902 /* ToDoListApp.xcdatamodeld */; };
		B558B4C426A72C970058A902 /* Assets.xcassets in Resources */ = {isa = PBXBuildFile; fileRef = B558B4C326A72C970058A902 /* Assets.xcassets */; };
		B558B4C726A72C970058A902 /* LaunchScreen.storyboard in Resources */ = {isa = PBXBuildFile; fileRef = B558B4C526A72C970058A902 /* LaunchScreen.storyboard */; };
		B558B4D226A72C970058A902 /* ToDoListAppTests.swift in Sources */ = {isa = PBXBuildFile; fileRef = B558B4D126A72C970058A902 /* ToDoListAppTests.swift */; };
		B558B4DD26A72C970058A902 /* ToDoListAppUITests.swift in Sources */ = {isa = PBXBuildFile; fileRef = B558B4DC26A72C970058A902 /* ToDoListAppUITests.swift */; };
		B558B4EB26A72F140058A902 /* ToDoTableViewController.swift in Sources */ = {isa = PBXBuildFile; fileRef = B558B4EA26A72F140058A902 /* ToDoTableViewController.swift */; };
		B558B4ED26A72FB20058A902 /* ToDo.swift in Sources */ = {isa = PBXBuildFile; fileRef = B558B4EC26A72FB20058A902 /* ToDo.swift */; };
		B558B4EF26A74D160058A902 /* AddToDoViewController.swift in Sources */ = {isa = PBXBuildFile; fileRef = B558B4EE26A74D160058A902 /* AddToDoViewController.swift */; };
/* End PBXBuildFile section */

/* Begin PBXContainerItemProxy section */
		B558B4CE26A72C970058A902 /* PBXContainerItemProxy */ = {
			isa = PBXContainerItemProxy;
			containerPortal = B558B4AC26A72C940058A902 /* Project object */;
			proxyType = 1;
			remoteGlobalIDString = B558B4B326A72C940058A902;
			remoteInfo = ToDoListApp;
		};
		B558B4D926A72C970058A902 /* PBXContainerItemProxy */ = {
			isa = PBXContainerItemProxy;
			containerPortal = B558B4AC26A72C940058A902 /* Project object */;
			proxyType = 1;
			remoteGlobalIDString = B558B4B326A72C940058A902;
			remoteInfo = ToDoListApp;
		};
/* End PBXContainerItemProxy section */

/* Begin PBXFileReference section */
		B558B4B426A72C940058A902 /* ToDoListApp.app */ = {isa = PBXFileReference; explicitFileType = wrapper.application; includeInIndex = 0; path = ToDoListApp.app; sourceTree = BUILT_PRODUCTS_DIR; };
		B558B4B726A72C940058A902 /* AppDelegate.swift */ = {isa = PBXFileReference; lastKnownFileType = sourcecode.swift; path = AppDelegate.swift; sourceTree = "<group>"; };
		B558B4B926A72C940058A902 /* SceneDelegate.swift */ = {isa = PBXFileReference; lastKnownFileType = sourcecode.swift; path = SceneDelegate.swift; sourceTree = "<group>"; };
		B558B4BB26A72C940058A902 /* ViewController.swift */ = {isa = PBXFileReference; lastKnownFileType = sourcecode.swift; path = ViewController.swift; sourceTree = "<group>"; };
		B558B4BE26A72C940058A902 /* Base */ = {isa = PBXFileReference; lastKnownFileType = file.storyboard; name = Base; path = Base.lproj/Main.storyboard; sourceTree = "<group>"; };
		B558B4C126A72C940058A902 /* ToDoListApp.xcdatamodel */ = {isa = PBXFileReference; lastKnownFileType = wrapper.xcdatamodel; path = ToDoListApp.xcdatamodel; sourceTree = "<group>"; };
		B558B4C326A72C970058A902 /* Assets.xcassets */ = {isa = PBXFileReference; lastKnownFileType = folder.assetcatalog; path = Assets.xcassets; sourceTree = "<group>"; };
		B558B4C626A72C970058A902 /* Base */ = {isa = PBXFileReference; lastKnownFileType = file.storyboard; name = Base; path = Base.lproj/LaunchScreen.storyboard; sourceTree = "<group>"; };
		B558B4C826A72C970058A902 /* Info.plist */ = {isa = PBXFileReference; lastKnownFileType = text.plist.xml; path = Info.plist; sourceTree = "<group>"; };
		B558B4CD26A72C970058A902 /* ToDoListAppTests.xctest */ = {isa = PBXFileReference; explicitFileType = wrapper.cfbundle; includeInIndex = 0; path = ToDoListAppTests.xctest; sourceTree = BUILT_PRODUCTS_DIR; };
		B558B4D126A72C970058A902 /* ToDoListAppTests.swift */ = {isa = PBXFileReference; lastKnownFileType = sourcecode.swift; path = ToDoListAppTests.swift; sourceTree = "<group>"; };
		B558B4D326A72C970058A902 /* Info.plist */ = {isa = PBXFileReference; lastKnownFileType = text.plist.xml; path = Info.plist; sourceTree = "<group>"; };
		B558B4D826A72C970058A902 /* ToDoListAppUITests.xctest */ = {isa = PBXFileReference; explicitFileType = wrapper.cfbundle; includeInIndex = 0; path = ToDoListAppUITests.xctest; sourceTree = BUILT_PRODUCTS_DIR; };
		B558B4DC26A72C970058A902 /* ToDoListAppUITests.swift */ = {isa = PBXFileReference; lastKnownFileType = sourcecode.swift; path = ToDoListAppUITests.swift; sourceTree = "<group>"; };
		B558B4DE26A72C970058A902 /* Info.plist */ = {isa = PBXFileReference; lastKnownFileType = text.plist.xml; path = Info.plist; sourceTree = "<group>"; };
		B558B4EA26A72F140058A902 /* ToDoTableViewController.swift */ = {isa = PBXFileReference; lastKnownFileType = sourcecode.swift; path = ToDoTableViewController.swift; sourceTree = "<group>"; };
		B558B4EC26A72FB20058A902 /* ToDo.swift */ = {isa = PBXFileReference; lastKnownFileType = sourcecode.swift; path = ToDo.swift; sourceTree = "<group>"; };
		B558B4EE26A74D160058A902 /* AddToDoViewController.swift */ = {isa = PBXFileReference; lastKnownFileType = sourcecode.swift; path = AddToDoViewController.swift; sourceTree = "<group>"; };
/* End PBXFileReference section */

/* Begin PBXFrameworksBuildPhase section */
		B558B4B126A72C940058A902 /* Frameworks */ = {
			isa = PBXFrameworksBuildPhase;
			buildActionMask = 2147483647;
			files = (
			);
			runOnlyForDeploymentPostprocessing = 0;
		};
		B558B4CA26A72C970058A902 /* Frameworks */ = {
			isa = PBXFrameworksBuildPhase;
			buildActionMask = 2147483647;
			files = (
			);
			runOnlyForDeploymentPostprocessing = 0;
		};
		B558B4D526A72C970058A902 /* Frameworks */ = {
			isa = PBXFrameworksBuildPhase;
			buildActionMask = 2147483647;
			files = (
			);
			runOnlyForDeploymentPostprocessing = 0;
		};
/* End PBXFrameworksBuildPhase section */

/* Begin PBXGroup section */
		B558B4AB26A72C940058A902 = {
			isa = PBXGroup;
			children = (
				B558B4B626A72C940058A902 /* ToDoListApp */,
				B558B4D026A72C970058A902 /* ToDoListAppTests */,
				B558B4DB26A72C970058A902 /* ToDoListAppUITests */,
				B558B4B526A72C940058A902 /* Products */,
			);
			sourceTree = "<group>";
		};
		B558B4B526A72C940058A902 /* Products */ = {
			isa = PBXGroup;
			children = (
				B558B4B426A72C940058A902 /* ToDoListApp.app */,
				B558B4CD26A72C970058A902 /* ToDoListAppTests.xctest */,
				B558B4D826A72C970058A902 /* ToDoListAppUITests.xctest */,
			);
			name = Products;
			sourceTree = "<group>";
		};
		B558B4B626A72C940058A902 /* ToDoListApp */ = {
			isa = PBXGroup;
			children = (
				B558B4B726A72C940058A902 /* AppDelegate.swift */,
				B558B4B926A72C940058A902 /* SceneDelegate.swift */,
				B558B4BB26A72C940058A902 /* ViewController.swift */,
				B558B4BD26A72C940058A902 /* Main.storyboard */,
				B558B4C326A72C970058A902 /* Assets.xcassets */,
				B558B4C526A72C970058A902 /* LaunchScreen.storyboard */,
				B558B4C826A72C970058A902 /* Info.plist */,
				B558B4C026A72C940058A902 /* ToDoListApp.xcdatamodeld */,
				B558B4EA26A72F140058A902 /* ToDoTableViewController.swift */,
				B558B4EC26A72FB20058A902 /* ToDo.swift */,
				B558B4EE26A74D160058A902 /* AddToDoViewController.swift */,
			);
			path = ToDoListApp;
			sourceTree = "<group>";
		};
		B558B4D026A72C970058A902 /* ToDoListAppTests */ = {
			isa = PBXGroup;
			children = (
				B558B4D126A72C970058A902 /* ToDoListAppTests.swift */,
				B558B4D326A72C970058A902 /* Info.plist */,
			);
			path = ToDoListAppTests;
			sourceTree = "<group>";
		};
		B558B4DB26A72C970058A902 /* ToDoListAppUITests */ = {
			isa = PBXGroup;
			children = (
				B558B4DC26A72C970058A902 /* ToDoListAppUITests.swift */,
				B558B4DE26A72C970058A902 /* Info.plist */,
			);
			path = ToDoListAppUITests;
			sourceTree = "<group>";
		};
/* End PBXGroup section */

/* Begin PBXNativeTarget section */
		B558B4B326A72C940058A902 /* ToDoListApp */ = {
			isa = PBXNativeTarget;
			buildConfigurationList = B558B4E126A72C970058A902 /* Build configuration list for PBXNativeTarget "ToDoListApp" */;
			buildPhases = (
				B558B4B026A72C940058A902 /* Sources */,
				B558B4B126A72C940058A902 /* Frameworks */,
				B558B4B226A72C940058A902 /* Resources */,
			);
			buildRules = (
			);
			dependencies = (
			);
			name = ToDoListApp;
			productName = ToDoListApp;
			productReference = B558B4B426A72C940058A902 /* ToDoListApp.app */;
			productType = "com.apple.product-type.application";
		};
		B558B4CC26A72C970058A902 /* ToDoListAppTests */ = {
			isa = PBXNativeTarget;
			buildConfigurationList = B558B4E426A72C970058A902 /* Build configuration list for PBXNativeTarget "ToDoListAppTests" */;
			buildPhases = (
				B558B4C926A72C970058A902 /* Sources */,
				B558B4CA26A72C970058A902 /* Frameworks */,
				B558B4CB26A72C970058A902 /* Resources */,
			);
			buildRules = (
			);
			dependencies = (
				B558B4CF26A72C970058A902 /* PBXTargetDependency */,
			);
			name = ToDoListAppTests;
			productName = ToDoListAppTests;
			productReference = B558B4CD26A72C970058A902 /* ToDoListAppTests.xctest */;
			productType = "com.apple.product-type.bundle.unit-test";
		};
		B558B4D726A72C970058A902 /* ToDoListAppUITests */ = {
			isa = PBXNativeTarget;
			buildConfigurationList = B558B4E726A72C970058A902 /* Build configuration list for PBXNativeTarget "ToDoListAppUITests" */;
			buildPhases = (
				B558B4D426A72C970058A902 /* Sources */,
				B558B4D526A72C970058A902 /* Frameworks */,
				B558B4D626A72C970058A902 /* Resources */,
			);
			buildRules = (
			);
			dependencies = (
				B558B4DA26A72C970058A902 /* PBXTargetDependency */,
			);
			name = ToDoListAppUITests;
			productName = ToDoListAppUITests;
			productReference = B558B4D826A72C970058A902 /* ToDoListAppUITests.xctest */;
			productType = "com.apple.product-type.bundle.ui-testing";
		};
/* End PBXNativeTarget section */

/* Begin PBXProject section */
		B558B4AC26A72C940058A902 /* Project object */ = {
			isa = PBXProject;
			attributes = {
				LastSwiftUpdateCheck = 1250;
				LastUpgradeCheck = 1250;
				TargetAttributes = {
					B558B4B326A72C940058A902 = {
						CreatedOnToolsVersion = 12.5.1;
					};
					B558B4CC26A72C970058A902 = {
						CreatedOnToolsVersion = 12.5.1;
						TestTargetID = B558B4B326A72C940058A902;
					};
					B558B4D726A72C970058A902 = {
						CreatedOnToolsVersion = 12.5.1;
						TestTargetID = B558B4B326A72C940058A902;
					};
				};
			};
			buildConfigurationList = B558B4AF26A72C940058A902 /* Build configuration list for PBXProject "ToDoListApp" */;
			compatibilityVersion = "Xcode 9.3";
			developmentRegion = en;
			hasScannedForEncodings = 0;
			knownRegions = (
				en,
				Base,
			);
			mainGroup = B558B4AB26A72C940058A902;
			productRefGroup = B558B4B526A72C940058A902 /* Products */;
			projectDirPath = "";
			projectRoot = "";
			targets = (
				B558B4B326A72C940058A902 /* ToDoListApp */,
				B558B4CC26A72C970058A902 /* ToDoListAppTests */,
				B558B4D726A72C970058A902 /* ToDoListAppUITests */,
			);
		};
/* End PBXProject section */

/* Begin PBXResourcesBuildPhase section */
		B558B4B226A72C940058A902 /* Resources */ = {
			isa = PBXResourcesBuildPhase;
			buildActionMask = 2147483647;
			files = (
				B558B4C726A72C970058A902 /* LaunchScreen.storyboard in Resources */,
				B558B4C426A72C970058A902 /* Assets.xcassets in Resources */,
				B558B4BF26A72C940058A902 /* Main.storyboard in Resources */,
			);
			runOnlyForDeploymentPostprocessing = 0;
		};
		B558B4CB26A72C970058A902 /* Resources */ = {
			isa = PBXResourcesBuildPhase;
			buildActionMask = 2147483647;
			files = (
			);
			runOnlyForDeploymentPostprocessing = 0;
		};
		B558B4D626A72C970058A902 /* Resources */ = {
			isa = PBXResourcesBuildPhase;
			buildActionMask = 2147483647;
			files = (
			);
			runOnlyForDeploymentPostprocessing = 0;
		};
/* End PBXResourcesBuildPhase section */

/* Begin PBXSourcesBuildPhase section */
		B558B4B026A72C940058A902 /* Sources */ = {
			isa = PBXSourcesBuildPhase;
			buildActionMask = 2147483647;
			files = (
				B558B4BC26A72C940058A902 /* ViewController.swift in Sources */,
				B558B4B826A72C940058A902 /* AppDelegate.swift in Sources */,
				B558B4BA26A72C940058A902 /* SceneDelegate.swift in Sources */,
				B558B4ED26A72FB20058A902 /* ToDo.swift in Sources */,
				B558B4EF26A74D160058A902 /* AddToDoViewController.swift in Sources */,
				B558B4C226A72C940058A902 /* ToDoListApp.xcdatamodeld in Sources */,
				B558B4EB26A72F140058A902 /* ToDoTableViewController.swift in Sources */,
			);
			runOnlyForDeploymentPostprocessing = 0;
		};
		B558B4C926A72C970058A902 /* Sources */ = {
			isa = PBXSourcesBuildPhase;
			buildActionMask = 2147483647;
			files = (
				B558B4D226A72C970058A902 /* ToDoListAppTests.swift in Sources */,
			);
			runOnlyForDeploymentPostprocessing = 0;
		};
		B558B4D426A72C970058A902 /* Sources */ = {
			isa = PBXSourcesBuildPhase;
			buildActionMask = 2147483647;
			files = (
				B558B4DD26A72C970058A902 /* ToDoListAppUITests.swift in Sources */,
			);
			runOnlyForDeploymentPostprocessing = 0;
		};
/* End PBXSourcesBuildPhase section */

/* Begin PBXTargetDependency section */
		B558B4CF26A72C970058A902 /* PBXTargetDependency */ = {
			isa = PBXTargetDependency;
			target = B558B4B326A72C940058A902 /* ToDoListApp */;
			targetProxy = B558B4CE26A72C970058A902 /* PBXContainerItemProxy */;
		};
		B558B4DA26A72C970058A902 /* PBXTargetDependency */ = {
			isa = PBXTargetDependency;
			target = B558B4B326A72C940058A902 /* ToDoListApp */;
			targetProxy = B558B4D926A72C970058A902 /* PBXContainerItemProxy */;
		};
/* End PBXTargetDependency section */

/* Begin PBXVariantGroup section */
		B558B4BD26A72C940058A902 /* Main.storyboard */ = {
			isa = PBXVariantGroup;
			children = (
				B558B4BE26A72C940058A902 /* Base */,
			);
			name = Main.storyboard;
			sourceTree = "<group>";
		};
		B558B4C526A72C970058A902 /* LaunchScreen.storyboard */ = {
			isa = PBXVariantGroup;
			children = (
				B558B4C626A72C970058A902 /* Base */,
			);
			name = LaunchScreen.storyboard;
			sourceTree = "<group>";
		};
/* End PBXVariantGroup section */

/* Begin XCBuildConfiguration section */
		B558B4DF26A72C970058A902 /* Debug */ = {
			isa = XCBuildConfiguration;
			buildSettings = {
				ALWAYS_SEARCH_USER_PATHS = NO;
				CLANG_ANALYZER_NONNULL = YES;
				CLANG_ANALYZER_NUMBER_OBJECT_CONVERSION = YES_AGGRESSIVE;
				CLANG_CXX_LANGUAGE_STANDARD = "gnu++14";
				CLANG_CXX_LIBRARY = "libc++";
				CLANG_ENABLE_MODULES = YES;
				CLANG_ENABLE_OBJC_ARC = YES;
				CLANG_ENABLE_OBJC_WEAK = YES;
				CLANG_WARN_BLOCK_CAPTURE_AUTORELEASING = YES;
				CLANG_WARN_BOOL_CONVERSION = YES;
				CLANG_WARN_COMMA = YES;
				CLANG_WARN_CONSTANT_CONVERSION = YES;
				CLANG_WARN_DEPRECATED_OBJC_IMPLEMENTATIONS = YES;
				CLANG_WARN_DIRECT_OBJC_ISA_USAGE = YES_ERROR;
				CLANG_WARN_DOCUMENTATION_COMMENTS = YES;
				CLANG_WARN_EMPTY_BODY = YES;
				CLANG_WARN_ENUM_CONVERSION = YES;
				CLANG_WARN_INFINITE_RECURSION = YES;
				CLANG_WARN_INT_CONVERSION = YES;
				CLANG_WARN_NON_LITERAL_NULL_CONVERSION = YES;
				CLANG_WARN_OBJC_IMPLICIT_RETAIN_SELF = YES;
				CLANG_WARN_OBJC_LITERAL_CONVERSION = YES;
				CLANG_WARN_OBJC_ROOT_CLASS = YES_ERROR;
				CLANG_WARN_QUOTED_INCLUDE_IN_FRAMEWORK_HEADER = YES;
				CLANG_WARN_RANGE_LOOP_ANALYSIS = YES;
				CLANG_WARN_STRICT_PROTOTYPES = YES;
				CLANG_WARN_SUSPICIOUS_MOVE = YES;
				CLANG_WARN_UNGUARDED_AVAILABILITY = YES_AGGRESSIVE;
				CLANG_WARN_UNREACHABLE_CODE = YES;
				CLANG_WARN__DUPLICATE_METHOD_MATCH = YES;
				COPY_PHASE_STRIP = NO;
				DEBUG_INFORMATION_FORMAT = dwarf;
				ENABLE_STRICT_OBJC_MSGSEND = YES;
				ENABLE_TESTABILITY = YES;
				GCC_C_LANGUAGE_STANDARD = gnu11;
				GCC_DYNAMIC_NO_PIC = NO;
				GCC_NO_COMMON_BLOCKS = YES;
				GCC_OPTIMIZATION_LEVEL = 0;
				GCC_PREPROCESSOR_DEFINITIONS = (
					"DEBUG=1",
					"$(inherited)",
				);
				GCC_WARN_64_TO_32_BIT_CONVERSION = YES;
				GCC_WARN_ABOUT_RETURN_TYPE = YES_ERROR;
				GCC_WARN_UNDECLARED_SELECTOR = YES;
				GCC_WARN_UNINITIALIZED_AUTOS = YES_AGGRESSIVE;
				GCC_WARN_UNUSED_FUNCTION = YES;
				GCC_WARN_UNUSED_VARIABLE = YES;
				IPHONEOS_DEPLOYMENT_TARGET = 14.5;
				MTL_ENABLE_DEBUG_INFO = INCLUDE_SOURCE;
				MTL_FAST_MATH = YES;
				ONLY_ACTIVE_ARCH = YES;
				SDKROOT = iphoneos;
				SWIFT_ACTIVE_COMPILATION_CONDITIONS = DEBUG;
				SWIFT_OPTIMIZATION_LEVEL = "-Onone";
			};
			name = Debug;
		};
		B558B4E026A72C970058A902 /* Release */ = {
			isa = XCBuildConfiguration;
			buildSettings = {
				ALWAYS_SEARCH_USER_PATHS = NO;
				CLANG_ANALYZER_NONNULL = YES;
				CLANG_ANALYZER_NUMBER_OBJECT_CONVERSION = YES_AGGRESSIVE;
				CLANG_CXX_LANGUAGE_STANDARD = "gnu++14";
				CLANG_CXX_LIBRARY = "libc++";
				CLANG_ENABLE_MODULES = YES;
				CLANG_ENABLE_OBJC_ARC = YES;
				CLANG_ENABLE_OBJC_WEAK = YES;
				CLANG_WARN_BLOCK_CAPTURE_AUTORELEASING = YES;
				CLANG_WARN_BOOL_CONVERSION = YES;
				CLANG_WARN_COMMA = YES;
				CLANG_WARN_CONSTANT_CONVERSION = YES;
				CLANG_WARN_DEPRECATED_OBJC_IMPLEMENTATIONS = YES;
				CLANG_WARN_DIRECT_OBJC_ISA_USAGE = YES_ERROR;
				CLANG_WARN_DOCUMENTATION_COMMENTS = YES;
				CLANG_WARN_EMPTY_BODY = YES;
				CLANG_WARN_ENUM_CONVERSION = YES;
				CLANG_WARN_INFINITE_RECURSION = YES;
				CLANG_WARN_INT_CONVERSION = YES;
				CLANG_WARN_NON_LITERAL_NULL_CONVERSION = YES;
				CLANG_WARN_OBJC_IMPLICIT_RETAIN_SELF = YES;
				CLANG_WARN_OBJC_LITERAL_CONVERSION = YES;
				CLANG_WARN_OBJC_ROOT_CLASS = YES_ERROR;
				CLANG_WARN_QUOTED_INCLUDE_IN_FRAMEWORK_HEADER = YES;
				CLANG_WARN_RANGE_LOOP_ANALYSIS = YES;
				CLANG_WARN_STRICT_PROTOTYPES = YES;
				CLANG_WARN_SUSPICIOUS_MOVE = YES;
				CLANG_WARN_UNGUARDED_AVAILABILITY = YES_AGGRESSIVE;
				CLANG_WARN_UNREACHABLE_CODE = YES;
				CLANG_WARN__DUPLICATE_METHOD_MATCH = YES;
				COPY_PHASE_STRIP = NO;
				DEBUG_INFORMATION_FORMAT = "dwarf-with-dsym";
				ENABLE_NS_ASSERTIONS = NO;
				ENABLE_STRICT_OBJC_MSGSEND = YES;
				GCC_C_LANGUAGE_STANDARD = gnu11;
				GCC_NO_COMMON_BLOCKS = YES;
				GCC_WARN_64_TO_32_BIT_CONVERSION = YES;
				GCC_WARN_ABOUT_RETURN_TYPE = YES_ERROR;
				GCC_WARN_UNDECLARED_SELECTOR = YES;
				GCC_WARN_UNINITIALIZED_AUTOS = YES_AGGRESSIVE;
				GCC_WARN_UNUSED_FUNCTION = YES;
				GCC_WARN_UNUSED_VARIABLE = YES;
				IPHONEOS_DEPLOYMENT_TARGET = 14.5;
				MTL_ENABLE_DEBUG_INFO = NO;
				MTL_FAST_MATH = YES;
				SDKROOT = iphoneos;
				SWIFT_COMPILATION_MODE = wholemodule;
				SWIFT_OPTIMIZATION_LEVEL = "-O";
				VALIDATE_PRODUCT = YES;
			};
			name = Release;
		};
		B558B4E226A72C970058A902 /* Debug */ = {
			isa = XCBuildConfiguration;
			buildSettings = {
				ASSETCATALOG_COMPILER_APPICON_NAME = AppIcon;
				ASSETCATALOG_COMPILER_GLOBAL_ACCENT_COLOR_NAME = AccentColor;
				CODE_SIGN_STYLE = Automatic;
				INFOPLIST_FILE = ToDoListApp/Info.plist;
				LD_RUNPATH_SEARCH_PATHS = (
					"$(inherited)",
					"@executable_path/Frameworks",
				);
				PRODUCT_BUNDLE_IDENTIFIER = "kwk-2021.ToDoListApp";
				PRODUCT_NAME = "$(TARGET_NAME)";
				SWIFT_VERSION = 5.0;
				TARGETED_DEVICE_FAMILY = "1,2";
			};
			name = Debug;
		};
		B558B4E326A72C970058A902 /* Release */ = {
			isa = XCBuildConfiguration;
			buildSettings = {
				ASSETCATALOG_COMPILER_APPICON_NAME = AppIcon;
				ASSETCATALOG_COMPILER_GLOBAL_ACCENT_COLOR_NAME = AccentColor;
				CODE_SIGN_STYLE = Automatic;
				INFOPLIST_FILE = ToDoListApp/Info.plist;
				LD_RUNPATH_SEARCH_PATHS = (
					"$(inherited)",
					"@executable_path/Frameworks",
				);
				PRODUCT_BUNDLE_IDENTIFIER = "kwk-2021.ToDoListApp";
				PRODUCT_NAME = "$(TARGET_NAME)";
				SWIFT_VERSION = 5.0;
				TARGETED_DEVICE_FAMILY = "1,2";
			};
			name = Release;
		};
		B558B4E526A72C970058A902 /* Debug */ = {
			isa = XCBuildConfiguration;
			buildSettings = {
				ALWAYS_EMBED_SWIFT_STANDARD_LIBRARIES = YES;
				BUNDLE_LOADER = "$(TEST_HOST)";
				CODE_SIGN_STYLE = Automatic;
				INFOPLIST_FILE = ToDoListAppTests/Info.plist;
				IPHONEOS_DEPLOYMENT_TARGET = 14.5;
				LD_RUNPATH_SEARCH_PATHS = (
					"$(inherited)",
					"@executable_path/Frameworks",
					"@loader_path/Frameworks",
				);
				PRODUCT_BUNDLE_IDENTIFIER = "kwk-2021.ToDoListAppTests";
				PRODUCT_NAME = "$(TARGET_NAME)";
				SWIFT_VERSION = 5.0;
				TARGETED_DEVICE_FAMILY = "1,2";
				TEST_HOST = "$(BUILT_PRODUCTS_DIR)/ToDoListApp.app/ToDoListApp";
			};
			name = Debug;
		};
		B558B4E626A72C970058A902 /* Release */ = {
			isa = XCBuildConfiguration;
			buildSettings = {
				ALWAYS_EMBED_SWIFT_STANDARD_LIBRARIES = YES;
				BUNDLE_LOADER = "$(TEST_HOST)";
				CODE_SIGN_STYLE = Automatic;
				INFOPLIST_FILE = ToDoListAppTests/Info.plist;
				IPHONEOS_DEPLOYMENT_TARGET = 14.5;
				LD_RUNPATH_SEARCH_PATHS = (
					"$(inherited)",
					"@executable_path/Frameworks",
					"@loader_path/Frameworks",
				);
				PRODUCT_BUNDLE_IDENTIFIER = "kwk-2021.ToDoListAppTests";
				PRODUCT_NAME = "$(TARGET_NAME)";
				SWIFT_VERSION = 5.0;
				TARGETED_DEVICE_FAMILY = "1,2";
				TEST_HOST = "$(BUILT_PRODUCTS_DIR)/ToDoListApp.app/ToDoListApp";
			};
			name = Release;
		};
		B558B4E826A72C970058A902 /* Debug */ = {
			isa = XCBuildConfiguration;
			buildSettings = {
				ALWAYS_EMBED_SWIFT_STANDARD_LIBRARIES = YES;
				CODE_SIGN_STYLE = Automatic;
				INFOPLIST_FILE = ToDoListAppUITests/Info.plist;
				LD_RUNPATH_SEARCH_PATHS = (
					"$(inherited)",
					"@executable_path/Frameworks",
					"@loader_path/Frameworks",
				);
				PRODUCT_BUNDLE_IDENTIFIER = "kwk-2021.ToDoListAppUITests";
				PRODUCT_NAME = "$(TARGET_NAME)";
				SWIFT_VERSION = 5.0;
				TARGETED_DEVICE_FAMILY = "1,2";
				TEST_TARGET_NAME = ToDoListApp;
			};
			name = Debug;
		};
		B558B4E926A72C970058A902 /* Release */ = {
			isa = XCBuildConfiguration;
			buildSettings = {
				ALWAYS_EMBED_SWIFT_STANDARD_LIBRARIES = YES;
				CODE_SIGN_STYLE = Automatic;
				INFOPLIST_FILE = ToDoListAppUITests/Info.plist;
				LD_RUNPATH_SEARCH_PATHS = (
					"$(inherited)",
					"@executable_path/Frameworks",
					"@loader_path/Frameworks",
				);
				PRODUCT_BUNDLE_IDENTIFIER = "kwk-2021.ToDoListAppUITests";
				PRODUCT_NAME = "$(TARGET_NAME)";
				SWIFT_VERSION = 5.0;
				TARGETED_DEVICE_FAMILY = "1,2";
				TEST_TARGET_NAME = ToDoListApp;
			};
			name = Release;
		};
/* End XCBuildConfiguration section */

/* Begin XCConfigurationList section */
		B558B4AF26A72C940058A902 /* Build configuration list for PBXProject "ToDoListApp" */ = {
			isa = XCConfigurationList;
			buildConfigurations = (
				B558B4DF26A72C970058A902 /* Debug */,
				B558B4E026A72C970058A902 /* Release */,
			);
			defaultConfigurationIsVisible = 0;
			defaultConfigurationName = Release;
		};
		B558B4E126A72C970058A902 /* Build configuration list for PBXNativeTarget "ToDoListApp" */ = {
			isa = XCConfigurationList;
			buildConfigurations = (
				B558B4E226A72C970058A902 /* Debug */,
				B558B4E326A72C970058A902 /* Release */,
			);
			defaultConfigurationIsVisible = 0;
			defaultConfigurationName = Release;
		};
		B558B4E426A72C970058A902 /* Build configuration list for PBXNativeTarget "ToDoListAppTests" */ = {
			isa = XCConfigurationList;
			buildConfigurations = (
				B558B4E526A72C970058A902 /* Debug */,
				B558B4E626A72C970058A902 /* Release */,
			);
			defaultConfigurationIsVisible = 0;
			defaultConfigurationName = Release;
		};
		B558B4E726A72C970058A902 /* Build configuration list for PBXNativeTarget "ToDoListAppUITests" */ = {
			isa = XCConfigurationList;
			buildConfigurations = (
				B558B4E826A72C970058A902 /* Debug */,
				B558B4E926A72C970058A902 /* Release */,
			);
			defaultConfigurationIsVisible = 0;
			defaultConfigurationName = Release;
		};
/* End XCConfigurationList section */

/* Begin XCVersionGroup section */
		B558B4C026A72C940058A902 /* ToDoListApp.xcdatamodeld */ = {
			isa = XCVersionGroup;
			children = (
				B558B4C126A72C940058A902 /* ToDoListApp.xcdatamodel */,
			);
			currentVersion = B558B4C126A72C940058A902 /* ToDoListApp.xcdatamodel */;
			path = ToDoListApp.xcdatamodeld;
			sourceTree = "<group>";
			versionGroupType = wrapper.xcdatamodel;
		};
/* End XCVersionGroup section */
	};
	rootObject = B558B4AC26A72C940058A902 /* Project object */;
}
